
Microsoft Visual Studio Solution File, Format Version 12.00
# Visual Studio Version 17
VisualStudioVersion = 17.14.36623.8 d17.14
MinimumVisualStudioVersion = 10.0.40219.1
Project("{FAE04EC0-301F-11D3-BF4B-00C04F79EFBC}") = "Productor", "..\MessageBroker\Productor\Productor.csproj", "{DE7CB7A1-276E-4F07-8699-E66B997C7BF2}"
EndProject
Project("{FAE04EC0-301F-11D3-BF4B-00C04F79EFBC}") = "Consumidor", "..\MessageBroker\Consumidor\Consumidor.csproj", "{53A0F450-844A-4688-9F91-47A712BD96A8}"
EndProject
Project("{2150E333-8FDC-42A3-9474-1A3956D46DE8}") = "Punto a punto", "Punto a punto", "{02EA681E-C7D8-13C7-8484-4AC65E1B71E8}"
EndProject
Project("{2150E333-8FDC-42A3-9474-1A3956D46DE8}") = "PubSub", "PubSub", "{33418723-FEAC-406B-A451-73B9163319D8}"
EndProject
Project("{FAE04EC0-301F-11D3-BF4B-00C04F79EFBC}") = "EmitLog", "..\MessageBroker\EmitLog\EmitLog.csproj", "{BCDC9766-5346-A32E-DEAE-F7709160D770}"
EndProject
Project("{FAE04EC0-301F-11D3-BF4B-00C04F79EFBC}") = "ReceiveLogs", "..\MessageBroker\ReceiveLogs\ReceiveLogs.csproj", "{0534343C-9967-A252-1925-207729D7617F}"
EndProject
Global
	GlobalSection(SolutionConfigurationPlatforms) = preSolution
		Debug|Any CPU = Debug|Any CPU
		Release|Any CPU = Release|Any CPU
	EndGlobalSection
	GlobalSection(ProjectConfigurationPlatforms) = postSolution
		{DE7CB7A1-276E-4F07-8699-E66B997C7BF2}.Debug|Any CPU.ActiveCfg = Debug|Any CPU
		{DE7CB7A1-276E-4F07-8699-E66B997C7BF2}.Debug|Any CPU.Build.0 = Debug|Any CPU
		{DE7CB7A1-276E-4F07-8699-E66B997C7BF2}.Release|Any CPU.ActiveCfg = Release|Any CPU
		{DE7CB7A1-276E-4F07-8699-E66B997C7BF2}.Release|Any CPU.Build.0 = Release|Any CPU
		{53A0F450-844A-4688-9F91-47A712BD96A8}.Debug|Any CPU.ActiveCfg = Debug|Any CPU
		{53A0F450-844A-4688-9F91-47A712BD96A8}.Debug|Any CPU.Build.0 = Debug|Any CPU
		{53A0F450-844A-4688-9F91-47A712BD96A8}.Release|Any CPU.ActiveCfg = Release|Any CPU
		{53A0F450-844A-4688-9F91-47A712BD96A8}.Release|Any CPU.Build.0 = Release|Any CPU
		{BCDC9766-5346-A32E-DEAE-F7709160D770}.Debug|Any CPU.ActiveCfg = Debug|Any CPU
		{BCDC9766-5346-A32E-DEAE-F7709160D770}.Debug|Any CPU.Build.0 = Debug|Any CPU
		{BCDC9766-5346-A32E-DEAE-F7709160D770}.Release|Any CPU.ActiveCfg = Release|Any CPU
		{BCDC9766-5346-A32E-DEAE-F7709160D770}.Release|Any CPU.Build.0 = Release|Any CPU
		{0534343C-9967-A252-1925-207729D7617F}.Debug|Any CPU.ActiveCfg = Debug|Any CPU
		{0534343C-9967-A252-1925-207729D7617F}.Debug|Any CPU.Build.0 = Debug|Any CPU
		{0534343C-9967-A252-1925-207729D7617F}.Release|Any CPU.ActiveCfg = Release|Any CPU
		{0534343C-9967-A252-1925-207729D7617F}.Release|Any CPU.Build.0 = Release|Any CPU
	EndGlobalSection
	GlobalSection(SolutionProperties) = preSolution
		HideSolutionNode = FALSE
	EndGlobalSection
	GlobalSection(NestedProjects) = preSolution
		{DE7CB7A1-276E-4F07-8699-E66B997C7BF2} = {02EA681E-C7D8-13C7-8484-4AC65E1B71E8}
		{53A0F450-844A-4688-9F91-47A712BD96A8} = {02EA681E-C7D8-13C7-8484-4AC65E1B71E8}
		{BCDC9766-5346-A32E-DEAE-F7709160D770} = {33418723-FEAC-406B-A451-73B9163319D8}
		{0534343C-9967-A252-1925-207729D7617F} = {33418723-FEAC-406B-A451-73B9163319D8}
	EndGlobalSection
	GlobalSection(ExtensibilityGlobals) = postSolution
		SolutionGuid = {C109965C-7251-468F-9516-F4F256A8402C}
	EndGlobalSection
EndGlobal
